// !$*UTF8*$!
{
	archiveVersion = 1;
	classes = {
	};
	objectVersion = 55;
	objects = {

/* Begin PBXBuildFile section */
		B268BD70287C524E00AFB726 /* CategoryItemView.swift in Sources */ = {isa = PBXBuildFile; fileRef = B268BD6F287C524E00AFB726 /* CategoryItemView.swift */; };
		B268BD72287C52DF00AFB726 /* CategoryGridView.swift in Sources */ = {isa = PBXBuildFile; fileRef = B268BD71287C52DF00AFB726 /* CategoryGridView.swift */; };
		B268BD74287C535600AFB726 /* SectionView.swift in Sources */ = {isa = PBXBuildFile; fileRef = B268BD73287C535600AFB726 /* SectionView.swift */; };
		B268BD76287C53D300AFB726 /* TitleView.swift in Sources */ = {isa = PBXBuildFile; fileRef = B268BD75287C53D300AFB726 /* TitleView.swift */; };
		B268BD78287C540000AFB726 /* ProductItemView.swift in Sources */ = {isa = PBXBuildFile; fileRef = B268BD77287C540000AFB726 /* ProductItemView.swift */; };
		B268BD7A287C54AC00AFB726 /* BrandItemView.swift in Sources */ = {isa = PBXBuildFile; fileRef = B268BD79287C54AC00AFB726 /* BrandItemView.swift */; };
		B268BD7C287C54D600AFB726 /* BrandGridView.swift in Sources */ = {isa = PBXBuildFile; fileRef = B268BD7B287C54D600AFB726 /* BrandGridView.swift */; };
		B268BD7E287C557500AFB726 /* ProductDetailView.swift in Sources */ = {isa = PBXBuildFile; fileRef = B268BD7D287C557500AFB726 /* ProductDetailView.swift */; };
		B268BD80287C55C900AFB726 /* NavigationBarDetailView.swift in Sources */ = {isa = PBXBuildFile; fileRef = B268BD7F287C55C900AFB726 /* NavigationBarDetailView.swift */; };
		B268BD82287C55F200AFB726 /* HeaderDetailView.swift in Sources */ = {isa = PBXBuildFile; fileRef = B268BD81287C55F200AFB726 /* HeaderDetailView.swift */; };
		B268BD84287C563300AFB726 /* TopPartDetailView.swift in Sources */ = {isa = PBXBuildFile; fileRef = B268BD83287C563300AFB726 /* TopPartDetailView.swift */; };
		B268BD86287C575900AFB726 /* RatingSizesDetailView.swift in Sources */ = {isa = PBXBuildFile; fileRef = B268BD85287C575900AFB726 /* RatingSizesDetailView.swift */; };
		B268BD88287C57F400AFB726 /* QuantityFavouriteDetailView.swift in Sources */ = {isa = PBXBuildFile; fileRef = B268BD87287C57F400AFB726 /* QuantityFavouriteDetailView.swift */; };
		B268BD8A287C584B00AFB726 /* AddToCartDetailView.swift in Sources */ = {isa = PBXBuildFile; fileRef = B268BD89287C584B00AFB726 /* AddToCartDetailView.swift */; };
		B2E1ACEE287B02510038CCD8 /* ecommerceApp.swift in Sources */ = {isa = PBXBuildFile; fileRef = B2E1ACED287B02510038CCD8 /* ecommerceApp.swift */; };
		B2E1ACF0287B02510038CCD8 /* ContentView.swift in Sources */ = {isa = PBXBuildFile; fileRef = B2E1ACEF287B02510038CCD8 /* ContentView.swift */; };
		B2E1ACF2287B02520038CCD8 /* Assets.xcassets in Resources */ = {isa = PBXBuildFile; fileRef = B2E1ACF1287B02520038CCD8 /* Assets.xcassets */; };
		B2E1ACF5287B02520038CCD8 /* Preview Assets.xcassets in Resources */ = {isa = PBXBuildFile; fileRef = B2E1ACF4287B02520038CCD8 /* Preview Assets.xcassets */; };
		B2E1AD00287B03170038CCD8 /* category.json in Resources */ = {isa = PBXBuildFile; fileRef = B2E1ACFC287B03170038CCD8 /* category.json */; };
		B2E1AD01287B03170038CCD8 /* player.json in Resources */ = {isa = PBXBuildFile; fileRef = B2E1ACFD287B03170038CCD8 /* player.json */; };
		B2E1AD02287B03170038CCD8 /* product.json in Resources */ = {isa = PBXBuildFile; fileRef = B2E1ACFE287B03170038CCD8 /* product.json */; };
		B2E1AD03287B03170038CCD8 /* brand.json in Resources */ = {isa = PBXBuildFile; fileRef = B2E1ACFF287B03170038CCD8 /* brand.json */; };
		B2E1AD06287B03390038CCD8 /* JsonDecoder.swift in Sources */ = {isa = PBXBuildFile; fileRef = B2E1AD05287B03390038CCD8 /* JsonDecoder.swift */; };
		B2E1AD0F287B04A30038CCD8 /* Constants.swift in Sources */ = {isa = PBXBuildFile; fileRef = B2E1AD0E287B04A20038CCD8 /* Constants.swift */; };
		B2E1AD13287B063B0038CCD8 /* BrandModel.swift in Sources */ = {isa = PBXBuildFile; fileRef = B2E1AD12287B063B0038CCD8 /* BrandModel.swift */; };
		B2E1AD16287B06560038CCD8 /* CategoryModel.swift in Sources */ = {isa = PBXBuildFile; fileRef = B2E1AD15287B06560038CCD8 /* CategoryModel.swift */; };
		B2E1AD18287B06630038CCD8 /* PlayerModel.swift in Sources */ = {isa = PBXBuildFile; fileRef = B2E1AD17287B06630038CCD8 /* PlayerModel.swift */; };
		B2E1AD1A287B066F0038CCD8 /* ProductModel.swift in Sources */ = {isa = PBXBuildFile; fileRef = B2E1AD19287B066F0038CCD8 /* ProductModel.swift */; };
		B2E1AD1C287B07260038CCD8 /* CustomShape.swift in Sources */ = {isa = PBXBuildFile; fileRef = B2E1AD1B287B07260038CCD8 /* CustomShape.swift */; };
		B2E1AD1E287B07AC0038CCD8 /* Shop.swift in Sources */ = {isa = PBXBuildFile; fileRef = B2E1AD1D287B07AC0038CCD8 /* Shop.swift */; };
		B2E1AD20287B08450038CCD8 /* FooterView.swift in Sources */ = {isa = PBXBuildFile; fileRef = B2E1AD1F287B08450038CCD8 /* FooterView.swift */; };
		B2E1AD22287B0A5A0038CCD8 /* LogoView.swift in Sources */ = {isa = PBXBuildFile; fileRef = B2E1AD21287B0A5A0038CCD8 /* LogoView.swift */; };
		B2E1AD24287B0A960038CCD8 /* NavigationBarView.swift in Sources */ = {isa = PBXBuildFile; fileRef = B2E1AD23287B0A960038CCD8 /* NavigationBarView.swift */; };
		B2E1AD26287B0AF40038CCD8 /* FeaturedItemView.swift in Sources */ = {isa = PBXBuildFile; fileRef = B2E1AD25287B0AF40038CCD8 /* FeaturedItemView.swift */; };
		B2E1AD28287B0B2A0038CCD8 /* FeaturedTabView.swift in Sources */ = {isa = PBXBuildFile; fileRef = B2E1AD27287B0B2A0038CCD8 /* FeaturedTabView.swift */; };
/* End PBXBuildFile section */

/* Begin PBXFileReference section */
		B268BD6F287C524E00AFB726 /* CategoryItemView.swift */ = {isa = PBXFileReference; lastKnownFileType = sourcecode.swift; path = CategoryItemView.swift; sourceTree = "<group>"; };
		B268BD71287C52DF00AFB726 /* CategoryGridView.swift */ = {isa = PBXFileReference; lastKnownFileType = sourcecode.swift; path = CategoryGridView.swift; sourceTree = "<group>"; };
		B268BD73287C535600AFB726 /* SectionView.swift */ = {isa = PBXFileReference; lastKnownFileType = sourcecode.swift; path = SectionView.swift; sourceTree = "<group>"; };
		B268BD75287C53D300AFB726 /* TitleView.swift */ = {isa = PBXFileReference; lastKnownFileType = sourcecode.swift; path = TitleView.swift; sourceTree = "<group>"; };
		B268BD77287C540000AFB726 /* ProductItemView.swift */ = {isa = PBXFileReference; lastKnownFileType = sourcecode.swift; path = ProductItemView.swift; sourceTree = "<group>"; };
		B268BD79287C54AC00AFB726 /* BrandItemView.swift */ = {isa = PBXFileReference; lastKnownFileType = sourcecode.swift; path = BrandItemView.swift; sourceTree = "<group>"; };
		B268BD7B287C54D600AFB726 /* BrandGridView.swift */ = {isa = PBXFileReference; lastKnownFileType = sourcecode.swift; path = BrandGridView.swift; sourceTree = "<group>"; };
		B268BD7D287C557500AFB726 /* ProductDetailView.swift */ = {isa = PBXFileReference; lastKnownFileType = sourcecode.swift; path = ProductDetailView.swift; sourceTree = "<group>"; };
		B268BD7F287C55C900AFB726 /* NavigationBarDetailView.swift */ = {isa = PBXFileReference; lastKnownFileType = sourcecode.swift; path = NavigationBarDetailView.swift; sourceTree = "<group>"; };
		B268BD81287C55F200AFB726 /* HeaderDetailView.swift */ = {isa = PBXFileReference; lastKnownFileType = sourcecode.swift; path = HeaderDetailView.swift; sourceTree = "<group>"; };
		B268BD83287C563300AFB726 /* TopPartDetailView.swift */ = {isa = PBXFileReference; lastKnownFileType = sourcecode.swift; path = TopPartDetailView.swift; sourceTree = "<group>"; };
		B268BD85287C575900AFB726 /* RatingSizesDetailView.swift */ = {isa = PBXFileReference; lastKnownFileType = sourcecode.swift; path = RatingSizesDetailView.swift; sourceTree = "<group>"; };
		B268BD87287C57F400AFB726 /* QuantityFavouriteDetailView.swift */ = {isa = PBXFileReference; lastKnownFileType = sourcecode.swift; path = QuantityFavouriteDetailView.swift; sourceTree = "<group>"; };
		B268BD89287C584B00AFB726 /* AddToCartDetailView.swift */ = {isa = PBXFileReference; lastKnownFileType = sourcecode.swift; path = AddToCartDetailView.swift; sourceTree = "<group>"; };
		B2E1ACEA287B02510038CCD8 /* ecommerce.app */ = {isa = PBXFileReference; explicitFileType = wrapper.application; includeInIndex = 0; path = ecommerce.app; sourceTree = BUILT_PRODUCTS_DIR; };
		B2E1ACED287B02510038CCD8 /* ecommerceApp.swift */ = {isa = PBXFileReference; lastKnownFileType = sourcecode.swift; path = ecommerceApp.swift; sourceTree = "<group>"; };
		B2E1ACEF287B02510038CCD8 /* ContentView.swift */ = {isa = PBXFileReference; lastKnownFileType = sourcecode.swift; path = ContentView.swift; sourceTree = "<group>"; };
		B2E1ACF1287B02520038CCD8 /* Assets.xcassets */ = {isa = PBXFileReference; lastKnownFileType = folder.assetcatalog; path = Assets.xcassets; sourceTree = "<group>"; };
		B2E1ACF4287B02520038CCD8 /* Preview Assets.xcassets */ = {isa = PBXFileReference; lastKnownFileType = folder.assetcatalog; path = "Preview Assets.xcassets"; sourceTree = "<group>"; };
		B2E1ACFC287B03170038CCD8 /* category.json */ = {isa = PBXFileReference; fileEncoding = 4; lastKnownFileType = text.json; path = category.json; sourceTree = "<group>"; };
		B2E1ACFD287B03170038CCD8 /* player.json */ = {isa = PBXFileReference; fileEncoding = 4; lastKnownFileType = text.json; path = player.json; sourceTree = "<group>"; };
		B2E1ACFE287B03170038CCD8 /* product.json */ = {isa = PBXFileReference; fileEncoding = 4; lastKnownFileType = text.json; path = product.json; sourceTree = "<group>"; };
		B2E1ACFF287B03170038CCD8 /* brand.json */ = {isa = PBXFileReference; fileEncoding = 4; lastKnownFileType = text.json; path = brand.json; sourceTree = "<group>"; };
		B2E1AD05287B03390038CCD8 /* JsonDecoder.swift */ = {isa = PBXFileReference; lastKnownFileType = sourcecode.swift; path = JsonDecoder.swift; sourceTree = "<group>"; };
		B2E1AD09287B03A60038CCD8 /* Info.plist */ = {isa = PBXFileReference; lastKnownFileType = text.plist; path = Info.plist; sourceTree = "<group>"; };
		B2E1AD0E287B04A20038CCD8 /* Constants.swift */ = {isa = PBXFileReference; lastKnownFileType = sourcecode.swift; path = Constants.swift; sourceTree = "<group>"; };
		B2E1AD12287B063B0038CCD8 /* BrandModel.swift */ = {isa = PBXFileReference; lastKnownFileType = sourcecode.swift; path = BrandModel.swift; sourceTree = "<group>"; };
		B2E1AD15287B06560038CCD8 /* CategoryModel.swift */ = {isa = PBXFileReference; lastKnownFileType = sourcecode.swift; path = CategoryModel.swift; sourceTree = "<group>"; };
		B2E1AD17287B06630038CCD8 /* PlayerModel.swift */ = {isa = PBXFileReference; lastKnownFileType = sourcecode.swift; path = PlayerModel.swift; sourceTree = "<group>"; };
		B2E1AD19287B066F0038CCD8 /* ProductModel.swift */ = {isa = PBXFileReference; lastKnownFileType = sourcecode.swift; path = ProductModel.swift; sourceTree = "<group>"; };
		B2E1AD1B287B07260038CCD8 /* CustomShape.swift */ = {isa = PBXFileReference; lastKnownFileType = sourcecode.swift; path = CustomShape.swift; sourceTree = "<group>"; };
		B2E1AD1D287B07AC0038CCD8 /* Shop.swift */ = {isa = PBXFileReference; lastKnownFileType = sourcecode.swift; path = Shop.swift; sourceTree = "<group>"; };
		B2E1AD1F287B08450038CCD8 /* FooterView.swift */ = {isa = PBXFileReference; lastKnownFileType = sourcecode.swift; path = FooterView.swift; sourceTree = "<group>"; };
		B2E1AD21287B0A5A0038CCD8 /* LogoView.swift */ = {isa = PBXFileReference; lastKnownFileType = sourcecode.swift; path = LogoView.swift; sourceTree = "<group>"; };
		B2E1AD23287B0A960038CCD8 /* NavigationBarView.swift */ = {isa = PBXFileReference; lastKnownFileType = sourcecode.swift; path = NavigationBarView.swift; sourceTree = "<group>"; };
		B2E1AD25287B0AF40038CCD8 /* FeaturedItemView.swift */ = {isa = PBXFileReference; lastKnownFileType = sourcecode.swift; path = FeaturedItemView.swift; sourceTree = "<group>"; };
		B2E1AD27287B0B2A0038CCD8 /* FeaturedTabView.swift */ = {isa = PBXFileReference; lastKnownFileType = sourcecode.swift; path = FeaturedTabView.swift; sourceTree = "<group>"; };
/* End PBXFileReference section */

/* Begin PBXFrameworksBuildPhase section */
		B2E1ACE7287B02510038CCD8 /* Frameworks */ = {
			isa = PBXFrameworksBuildPhase;
			buildActionMask = 2147483647;
			files = (
			);
			runOnlyForDeploymentPostprocessing = 0;
		};
/* End PBXFrameworksBuildPhase section */

/* Begin PBXGroup section */
		B2E1ACE1287B02510038CCD8 = {
			isa = PBXGroup;
			children = (
				B2E1ACEC287B02510038CCD8 /* ecommerce */,
				B2E1ACEB287B02510038CCD8 /* Products */,
			);
			sourceTree = "<group>";
		};
		B2E1ACEB287B02510038CCD8 /* Products */ = {
			isa = PBXGroup;
			children = (
				B2E1ACEA287B02510038CCD8 /* ecommerce.app */,
			);
			name = Products;
			sourceTree = "<group>";
		};
		B2E1ACEC287B02510038CCD8 /* ecommerce */ = {
			isa = PBXGroup;
			children = (
				B2E1AD0D287B04910038CCD8 /* Utilities */,
				B2E1AD0C287B04820038CCD8 /* Models */,
				B2E1AD09287B03A60038CCD8 /* Info.plist */,
				B2E1AD08287B036B0038CCD8 /* Views */,
				B2E1AD07287B03650038CCD8 /* Components */,
				B2E1AD04287B03250038CCD8 /* Extensions */,
				B2E1ACFB287B030E0038CCD8 /* Data */,
				B2E1ACED287B02510038CCD8 /* ecommerceApp.swift */,
				B2E1ACF1287B02520038CCD8 /* Assets.xcassets */,
				B2E1ACF3287B02520038CCD8 /* Preview Content */,
			);
			path = ecommerce;
			sourceTree = "<group>";
		};
		B2E1ACF3287B02520038CCD8 /* Preview Content */ = {
			isa = PBXGroup;
			children = (
				B2E1ACF4287B02520038CCD8 /* Preview Assets.xcassets */,
			);
			path = "Preview Content";
			sourceTree = "<group>";
		};
		B2E1ACFB287B030E0038CCD8 /* Data */ = {
			isa = PBXGroup;
			children = (
				B2E1ACFF287B03170038CCD8 /* brand.json */,
				B2E1ACFC287B03170038CCD8 /* category.json */,
				B2E1ACFD287B03170038CCD8 /* player.json */,
				B2E1ACFE287B03170038CCD8 /* product.json */,
			);
			path = Data;
			sourceTree = "<group>";
		};
		B2E1AD04287B03250038CCD8 /* Extensions */ = {
			isa = PBXGroup;
			children = (
				B2E1AD05287B03390038CCD8 /* JsonDecoder.swift */,
			);
			path = Extensions;
			sourceTree = "<group>";
		};
		B2E1AD07287B03650038CCD8 /* Components */ = {
			isa = PBXGroup;
			children = (
				B2E1AD0A287B046C0038CCD8 /* Detail */,
				B2E1AD0B287B04720038CCD8 /* Home */,
			);
			path = Components;
			sourceTree = "<group>";
		};
		B2E1AD08287B036B0038CCD8 /* Views */ = {
			isa = PBXGroup;
			children = (
				B2E1ACEF287B02510038CCD8 /* ContentView.swift */,
				B268BD7D287C557500AFB726 /* ProductDetailView.swift */,
			);
			path = Views;
			sourceTree = "<group>";
		};
		B2E1AD0A287B046C0038CCD8 /* Detail */ = {
			isa = PBXGroup;
			children = (
				B268BD7F287C55C900AFB726 /* NavigationBarDetailView.swift */,
				B268BD81287C55F200AFB726 /* HeaderDetailView.swift */,
				B268BD83287C563300AFB726 /* TopPartDetailView.swift */,
				B268BD85287C575900AFB726 /* RatingSizesDetailView.swift */,
				B268BD87287C57F400AFB726 /* QuantityFavouriteDetailView.swift */,
				B268BD89287C584B00AFB726 /* AddToCartDetailView.swift */,
			);
			path = Detail;
			sourceTree = "<group>";
		};
		B2E1AD0B287B04720038CCD8 /* Home */ = {
			isa = PBXGroup;
			children = (
				B2E1AD1F287B08450038CCD8 /* FooterView.swift */,
				B2E1AD21287B0A5A0038CCD8 /* LogoView.swift */,
				B2E1AD23287B0A960038CCD8 /* NavigationBarView.swift */,
				B2E1AD25287B0AF40038CCD8 /* FeaturedItemView.swift */,
				B2E1AD27287B0B2A0038CCD8 /* FeaturedTabView.swift */,
				B268BD6F287C524E00AFB726 /* CategoryItemView.swift */,
				B268BD71287C52DF00AFB726 /* CategoryGridView.swift */,
				B268BD73287C535600AFB726 /* SectionView.swift */,
				B268BD75287C53D300AFB726 /* TitleView.swift */,
				B268BD77287C540000AFB726 /* ProductItemView.swift */,
				B268BD79287C54AC00AFB726 /* BrandItemView.swift */,
				B268BD7B287C54D600AFB726 /* BrandGridView.swift */,
			);
			path = Home;
			sourceTree = "<group>";
		};
		B2E1AD0C287B04820038CCD8 /* Models */ = {
			isa = PBXGroup;
			children = (
				B2E1AD12287B063B0038CCD8 /* BrandModel.swift */,
				B2E1AD15287B06560038CCD8 /* CategoryModel.swift */,
				B2E1AD17287B06630038CCD8 /* PlayerModel.swift */,
				B2E1AD19287B066F0038CCD8 /* ProductModel.swift */,
			);
			path = Models;
			sourceTree = "<group>";
		};
		B2E1AD0D287B04910038CCD8 /* Utilities */ = {
			isa = PBXGroup;
			children = (
				B2E1AD0E287B04A20038CCD8 /* Constants.swift */,
				B2E1AD1B287B07260038CCD8 /* CustomShape.swift */,
				B2E1AD1D287B07AC0038CCD8 /* Shop.swift */,
			);
			path = Utilities;
			sourceTree = "<group>";
		};
/* End PBXGroup section */

/* Begin PBXNativeTarget section */
		B2E1ACE9287B02510038CCD8 /* ecommerce */ = {
			isa = PBXNativeTarget;
			buildConfigurationList = B2E1ACF8287B02520038CCD8 /* Build configuration list for PBXNativeTarget "ecommerce" */;
			buildPhases = (
				B2E1ACE6287B02510038CCD8 /* Sources */,
				B2E1ACE7287B02510038CCD8 /* Frameworks */,
				B2E1ACE8287B02510038CCD8 /* Resources */,
			);
			buildRules = (
			);
			dependencies = (
			);
			name = ecommerce;
			productName = ecommerce;
			productReference = B2E1ACEA287B02510038CCD8 /* ecommerce.app */;
			productType = "com.apple.product-type.application";
		};
/* End PBXNativeTarget section */

/* Begin PBXProject section */
		B2E1ACE2287B02510038CCD8 /* Project object */ = {
			isa = PBXProject;
			attributes = {
				BuildIndependentTargetsInParallel = 1;
				LastSwiftUpdateCheck = 1340;
				LastUpgradeCheck = 1340;
				TargetAttributes = {
					B2E1ACE9287B02510038CCD8 = {
						CreatedOnToolsVersion = 13.4.1;
					};
				};
			};
			buildConfigurationList = B2E1ACE5287B02510038CCD8 /* Build configuration list for PBXProject "ecommerce" */;
			compatibilityVersion = "Xcode 13.0";
			developmentRegion = en;
			hasScannedForEncodings = 0;
			knownRegions = (
				en,
				Base,
			);
			mainGroup = B2E1ACE1287B02510038CCD8;
			productRefGroup = B2E1ACEB287B02510038CCD8 /* Products */;
			projectDirPath = "";
			projectRoot = "";
			targets = (
				B2E1ACE9287B02510038CCD8 /* ecommerce */,
			);
		};
/* End PBXProject section */

/* Begin PBXResourcesBuildPhase section */
		B2E1ACE8287B02510038CCD8 /* Resources */ = {
			isa = PBXResourcesBuildPhase;
			buildActionMask = 2147483647;
			files = (
				B2E1AD01287B03170038CCD8 /* player.json in Resources */,
				B2E1AD00287B03170038CCD8 /* category.json in Resources */,
				B2E1ACF5287B02520038CCD8 /* Preview Assets.xcassets in Resources */,
				B2E1ACF2287B02520038CCD8 /* Assets.xcassets in Resources */,
				B2E1AD02287B03170038CCD8 /* product.json in Resources */,
				B2E1AD03287B03170038CCD8 /* brand.json in Resources */,
			);
			runOnlyForDeploymentPostprocessing = 0;
		};
/* End PBXResourcesBuildPhase section */

/* Begin PBXSourcesBuildPhase section */
		B2E1ACE6287B02510038CCD8 /* Sources */ = {
			isa = PBXSourcesBuildPhase;
			buildActionMask = 2147483647;
			files = (
				B268BD72287C52DF00AFB726 /* CategoryGridView.swift in Sources */,
				B2E1ACF0287B02510038CCD8 /* ContentView.swift in Sources */,
				B268BD74287C535600AFB726 /* SectionView.swift in Sources */,
				B268BD80287C55C900AFB726 /* NavigationBarDetailView.swift in Sources */,
				B2E1AD22287B0A5A0038CCD8 /* LogoView.swift in Sources */,
				B2E1AD16287B06560038CCD8 /* CategoryModel.swift in Sources */,
				B268BD88287C57F400AFB726 /* QuantityFavouriteDetailView.swift in Sources */,
				B2E1AD28287B0B2A0038CCD8 /* FeaturedTabView.swift in Sources */,
				B268BD7A287C54AC00AFB726 /* BrandItemView.swift in Sources */,
				B2E1AD1C287B07260038CCD8 /* CustomShape.swift in Sources */,
				B268BD8A287C584B00AFB726 /* AddToCartDetailView.swift in Sources */,
				B2E1AD1E287B07AC0038CCD8 /* Shop.swift in Sources */,
				B268BD82287C55F200AFB726 /* HeaderDetailView.swift in Sources */,
				B2E1ACEE287B02510038CCD8 /* ecommerceApp.swift in Sources */,
				B2E1AD24287B0A960038CCD8 /* NavigationBarView.swift in Sources */,
				B2E1AD13287B063B0038CCD8 /* BrandModel.swift in Sources */,
				B268BD84287C563300AFB726 /* TopPartDetailView.swift in Sources */,
				B268BD7C287C54D600AFB726 /* BrandGridView.swift in Sources */,
				B268BD70287C524E00AFB726 /* CategoryItemView.swift in Sources */,
				B2E1AD20287B08450038CCD8 /* FooterView.swift in Sources */,
				B268BD86287C575900AFB726 /* RatingSizesDetailView.swift in Sources */,
				B2E1AD06287B03390038CCD8 /* JsonDecoder.swift in Sources */,
				B268BD7E287C557500AFB726 /* ProductDetailView.swift in Sources */,
				B268BD76287C53D300AFB726 /* TitleView.swift in Sources */,
				B268BD78287C540000AFB726 /* ProductItemView.swift in Sources */,
				B2E1AD0F287B04A30038CCD8 /* Constants.swift in Sources */,
				B2E1AD26287B0AF40038CCD8 /* FeaturedItemView.swift in Sources */,
				B2E1AD18287B06630038CCD8 /* PlayerModel.swift in Sources */,
				B2E1AD1A287B066F0038CCD8 /* ProductModel.swift in Sources */,
			);
			runOnlyForDeploymentPostprocessing = 0;
		};
/* End PBXSourcesBuildPhase section */

/* Begin XCBuildConfiguration section */
		B2E1ACF6287B02520038CCD8 /* Debug */ = {
			isa = XCBuildConfiguration;
			buildSettings = {
				ALWAYS_SEARCH_USER_PATHS = NO;
				CLANG_ANALYZER_NONNULL = YES;
				CLANG_ANALYZER_NUMBER_OBJECT_CONVERSION = YES_AGGRESSIVE;
				CLANG_CXX_LANGUAGE_STANDARD = "gnu++17";
				CLANG_ENABLE_MODULES = YES;
				CLANG_ENABLE_OBJC_ARC = YES;
				CLANG_ENABLE_OBJC_WEAK = YES;
				CLANG_WARN_BLOCK_CAPTURE_AUTORELEASING = YES;
				CLANG_WARN_BOOL_CONVERSION = YES;
				CLANG_WARN_COMMA = YES;
				CLANG_WARN_CONSTANT_CONVERSION = YES;
				CLANG_WARN_DEPRECATED_OBJC_IMPLEMENTATIONS = YES;
				CLANG_WARN_DIRECT_OBJC_ISA_USAGE = YES_ERROR;
				CLANG_WARN_DOCUMENTATION_COMMENTS = YES;
				CLANG_WARN_EMPTY_BODY = YES;
				CLANG_WARN_ENUM_CONVERSION = YES;
				CLANG_WARN_INFINITE_RECURSION = YES;
				CLANG_WARN_INT_CONVERSION = YES;
				CLANG_WARN_NON_LITERAL_NULL_CONVERSION = YES;
				CLANG_WARN_OBJC_IMPLICIT_RETAIN_SELF = YES;
				CLANG_WARN_OBJC_LITERAL_CONVERSION = YES;
				CLANG_WARN_OBJC_ROOT_CLASS = YES_ERROR;
				CLANG_WARN_QUOTED_INCLUDE_IN_FRAMEWORK_HEADER = YES;
				CLANG_WARN_RANGE_LOOP_ANALYSIS = YES;
				CLANG_WARN_STRICT_PROTOTYPES = YES;
				CLANG_WARN_SUSPICIOUS_MOVE = YES;
				CLANG_WARN_UNGUARDED_AVAILABILITY = YES_AGGRESSIVE;
				CLANG_WARN_UNREACHABLE_CODE = YES;
				CLANG_WARN__DUPLICATE_METHOD_MATCH = YES;
				COPY_PHASE_STRIP = NO;
				DEBUG_INFORMATION_FORMAT = dwarf;
				ENABLE_STRICT_OBJC_MSGSEND = YES;
				ENABLE_TESTABILITY = YES;
				GCC_C_LANGUAGE_STANDARD = gnu11;
				GCC_DYNAMIC_NO_PIC = NO;
				GCC_NO_COMMON_BLOCKS = YES;
				GCC_OPTIMIZATION_LEVEL = 0;
				GCC_PREPROCESSOR_DEFINITIONS = (
					"DEBUG=1",
					"$(inherited)",
				);
				GCC_WARN_64_TO_32_BIT_CONVERSION = YES;
				GCC_WARN_ABOUT_RETURN_TYPE = YES_ERROR;
				GCC_WARN_UNDECLARED_SELECTOR = YES;
				GCC_WARN_UNINITIALIZED_AUTOS = YES_AGGRESSIVE;
				GCC_WARN_UNUSED_FUNCTION = YES;
				GCC_WARN_UNUSED_VARIABLE = YES;
				IPHONEOS_DEPLOYMENT_TARGET = 15.5;
				MTL_ENABLE_DEBUG_INFO = INCLUDE_SOURCE;
				MTL_FAST_MATH = YES;
				ONLY_ACTIVE_ARCH = YES;
				SDKROOT = iphoneos;
				SWIFT_ACTIVE_COMPILATION_CONDITIONS = DEBUG;
				SWIFT_OPTIMIZATION_LEVEL = "-Onone";
			};
			name = Debug;
		};
		B2E1ACF7287B02520038CCD8 /* Release */ = {
			isa = XCBuildConfiguration;
			buildSettings = {
				ALWAYS_SEARCH_USER_PATHS = NO;
				CLANG_ANALYZER_NONNULL = YES;
				CLANG_ANALYZER_NUMBER_OBJECT_CONVERSION = YES_AGGRESSIVE;
				CLANG_CXX_LANGUAGE_STANDARD = "gnu++17";
				CLANG_ENABLE_MODULES = YES;
				CLANG_ENABLE_OBJC_ARC = YES;
				CLANG_ENABLE_OBJC_WEAK = YES;
				CLANG_WARN_BLOCK_CAPTURE_AUTORELEASING = YES;
				CLANG_WARN_BOOL_CONVERSION = YES;
				CLANG_WARN_COMMA = YES;
				CLANG_WARN_CONSTANT_CONVERSION = YES;
				CLANG_WARN_DEPRECATED_OBJC_IMPLEMENTATIONS = YES;
				CLANG_WARN_DIRECT_OBJC_ISA_USAGE = YES_ERROR;
				CLANG_WARN_DOCUMENTATION_COMMENTS = YES;
				CLANG_WARN_EMPTY_BODY = YES;
				CLANG_WARN_ENUM_CONVERSION = YES;
				CLANG_WARN_INFINITE_RECURSION = YES;
				CLANG_WARN_INT_CONVERSION = YES;
				CLANG_WARN_NON_LITERAL_NULL_CONVERSION = YES;
				CLANG_WARN_OBJC_IMPLICIT_RETAIN_SELF = YES;
				CLANG_WARN_OBJC_LITERAL_CONVERSION = YES;
				CLANG_WARN_OBJC_ROOT_CLASS = YES_ERROR;
				CLANG_WARN_QUOTED_INCLUDE_IN_FRAMEWORK_HEADER = YES;
				CLANG_WARN_RANGE_LOOP_ANALYSIS = YES;
				CLANG_WARN_STRICT_PROTOTYPES = YES;
				CLANG_WARN_SUSPICIOUS_MOVE = YES;
				CLANG_WARN_UNGUARDED_AVAILABILITY = YES_AGGRESSIVE;
				CLANG_WARN_UNREACHABLE_CODE = YES;
				CLANG_WARN__DUPLICATE_METHOD_MATCH = YES;
				COPY_PHASE_STRIP = NO;
				DEBUG_INFORMATION_FORMAT = "dwarf-with-dsym";
				ENABLE_NS_ASSERTIONS = NO;
				ENABLE_STRICT_OBJC_MSGSEND = YES;
				GCC_C_LANGUAGE_STANDARD = gnu11;
				GCC_NO_COMMON_BLOCKS = YES;
				GCC_WARN_64_TO_32_BIT_CONVERSION = YES;
				GCC_WARN_ABOUT_RETURN_TYPE = YES_ERROR;
				GCC_WARN_UNDECLARED_SELECTOR = YES;
				GCC_WARN_UNINITIALIZED_AUTOS = YES_AGGRESSIVE;
				GCC_WARN_UNUSED_FUNCTION = YES;
				GCC_WARN_UNUSED_VARIABLE = YES;
				IPHONEOS_DEPLOYMENT_TARGET = 15.5;
				MTL_ENABLE_DEBUG_INFO = NO;
				MTL_FAST_MATH = YES;
				SDKROOT = iphoneos;
				SWIFT_COMPILATION_MODE = wholemodule;
				SWIFT_OPTIMIZATION_LEVEL = "-O";
				VALIDATE_PRODUCT = YES;
			};
			name = Release;
		};
		B2E1ACF9287B02520038CCD8 /* Debug */ = {
			isa = XCBuildConfiguration;
			buildSettings = {
				ASSETCATALOG_COMPILER_APPICON_NAME = AppIcon;
				ASSETCATALOG_COMPILER_GLOBAL_ACCENT_COLOR_NAME = AccentColor;
				CODE_SIGN_STYLE = Automatic;
				CURRENT_PROJECT_VERSION = 1;
				DEVELOPMENT_ASSET_PATHS = "\"ecommerce/Preview Content\"";
				DEVELOPMENT_TEAM = 394Y786645;
				ENABLE_PREVIEWS = YES;
				GENERATE_INFOPLIST_FILE = YES;
				INFOPLIST_FILE = ecommerce/Info.plist;
				INFOPLIST_KEY_UIApplicationSceneManifest_Generation = YES;
				INFOPLIST_KEY_UIApplicationSupportsIndirectInputEvents = YES;
				INFOPLIST_KEY_UISupportedInterfaceOrientations_iPad = "UIInterfaceOrientationPortrait UIInterfaceOrientationPortraitUpsideDown UIInterfaceOrientationLandscapeLeft UIInterfaceOrientationLandscapeRight";
				INFOPLIST_KEY_UISupportedInterfaceOrientations_iPhone = "UIInterfaceOrientationPortrait UIInterfaceOrientationLandscapeLeft UIInterfaceOrientationLandscapeRight";
				INFOPLIST_KEY_UIUserInterfaceStyle = Light;
				LD_RUNPATH_SEARCH_PATHS = (
					"$(inherited)",
					"@executable_path/Frameworks",
				);
				MARKETING_VERSION = 1.0;
				PRODUCT_BUNDLE_IDENTIFIER = com.yap.fengyuan.ecommerce;
				PRODUCT_NAME = "$(TARGET_NAME)";
				SWIFT_EMIT_LOC_STRINGS = YES;
				SWIFT_VERSION = 5.0;
				TARGETED_DEVICE_FAMILY = "1,2";
			};
			name = Debug;
		};
		B2E1ACFA287B02520038CCD8 /* Release */ = {
			isa = XCBuildConfiguration;
			buildSettings = {
				ASSETCATALOG_COMPILER_APPICON_NAME = AppIcon;
				ASSETCATALOG_COMPILER_GLOBAL_ACCENT_COLOR_NAME = AccentColor;
				CODE_SIGN_STYLE = Automatic;
				CURRENT_PROJECT_VERSION = 1;
				DEVELOPMENT_ASSET_PATHS = "\"ecommerce/Preview Content\"";
				DEVELOPMENT_TEAM = 394Y786645;
				ENABLE_PREVIEWS = YES;
				GENERATE_INFOPLIST_FILE = YES;
				INFOPLIST_FILE = ecommerce/Info.plist;
				INFOPLIST_KEY_UIApplicationSceneManifest_Generation = YES;
				INFOPLIST_KEY_UIApplicationSupportsIndirectInputEvents = YES;
				INFOPLIST_KEY_UISupportedInterfaceOrientations_iPad = "UIInterfaceOrientationPortrait UIInterfaceOrientationPortraitUpsideDown UIInterfaceOrientationLandscapeLeft UIInterfaceOrientationLandscapeRight";
				INFOPLIST_KEY_UISupportedInterfaceOrientations_iPhone = "UIInterfaceOrientationPortrait UIInterfaceOrientationLandscapeLeft UIInterfaceOrientationLandscapeRight";
				INFOPLIST_KEY_UIUserInterfaceStyle = Light;
				LD_RUNPATH_SEARCH_PATHS = (
					"$(inherited)",
					"@executable_path/Frameworks",
				);
				MARKETING_VERSION = 1.0;
				PRODUCT_BUNDLE_IDENTIFIER = com.yap.fengyuan.ecommerce;
				PRODUCT_NAME = "$(TARGET_NAME)";
				SWIFT_EMIT_LOC_STRINGS = YES;
				SWIFT_VERSION = 5.0;
				TARGETED_DEVICE_FAMILY = "1,2";
			};
			name = Release;
		};
/* End XCBuildConfiguration section */

/* Begin XCConfigurationList section */
		B2E1ACE5287B02510038CCD8 /* Build configuration list for PBXProject "ecommerce" */ = {
			isa = XCConfigurationList;
			buildConfigurations = (
				B2E1ACF6287B02520038CCD8 /* Debug */,
				B2E1ACF7287B02520038CCD8 /* Release */,
			);
			defaultConfigurationIsVisible = 0;
			defaultConfigurationName = Release;
		};
		B2E1ACF8287B02520038CCD8 /* Build configuration list for PBXNativeTarget "ecommerce" */ = {
			isa = XCConfigurationList;
			buildConfigurations = (
				B2E1ACF9287B02520038CCD8 /* Debug */,
				B2E1ACFA287B02520038CCD8 /* Release */,
			);
			defaultConfigurationIsVisible = 0;
			defaultConfigurationName = Release;
		};
/* End XCConfigurationList section */
	};
	rootObject = B2E1ACE2287B02510038CCD8 /* Project object */;
}
